
Microsoft Visual Studio Solution File, Format Version 12.00
# Visual Studio Version 17
VisualStudioVersion = 17.0.32112.339
MinimumVisualStudioVersion = 10.0.40219.1
Project("{FAE04EC0-301F-11D3-BF4B-00C04F79EFBC}") = "06-BackTrack", "06-BackTrack\06-BackTrack.csproj", "{F9EB8E84-B856-4295-9469-0C643C742A58}"
EndProject
Global
	GlobalSection(SolutionConfigurationPlatforms) = preSolution
		Debug|Any CPU = Debug|Any CPU
		Release|Any CPU = Release|Any CPU
	EndGlobalSection
	GlobalSection(ProjectConfigurationPlatforms) = postSolution
		{F9EB8E84-B856-4295-9469-0C643C742A58}.Debug|Any CPU.ActiveCfg = Debug|Any CPU
		{F9EB8E84-B856-4295-9469-0C643C742A58}.Debug|Any CPU.Build.0 = Debug|Any CPU
		{F9EB8E84-B856-4295-9469-0C643C742A58}.Release|Any CPU.ActiveCfg = Release|Any CPU
		{F9EB8E84-B856-4295-9469-0C643C742A58}.Release|Any CPU.Build.0 = Release|Any CPU
	EndGlobalSection
	GlobalSection(SolutionProperties) = preSolution
		HideSolutionNode = FALSE
	EndGlobalSection
	GlobalSection(ExtensibilityGlobals) = postSolution
		SolutionGuid = {C28E0032-EE42-4199-8D85-1B93DD4E82DF}
	EndGlobalSection
EndGlobal
